
Microsoft Visual Studio Solution File, Format Version 12.00
# Visual Studio Version 16
VisualStudioVersion = 16.0.31729.503
MinimumVisualStudioVersion = 10.0.40219.1
Project("{FAE04EC0-301F-11D3-BF4B-00C04F79EFBC}") = "Dosya_klasor_komutlari", "Dosya_klasor_komutlari\Dosya_klasor_komutlari.csproj", "{53E3A2F0-6C12-43CC-A8D3-BCA7679ECAE4}"
EndProject
Global
	GlobalSection(SolutionConfigurationPlatforms) = preSolution
		Debug|Any CPU = Debug|Any CPU
		Release|Any CPU = Release|Any CPU
	EndGlobalSection
	GlobalSection(ProjectConfigurationPlatforms) = postSolution
		{53E3A2F0-6C12-43CC-A8D3-BCA7679ECAE4}.Debug|Any CPU.ActiveCfg = Debug|Any CPU
		{53E3A2F0-6C12-43CC-A8D3-BCA7679ECAE4}.Debug|Any CPU.Build.0 = Debug|Any CPU
		{53E3A2F0-6C12-43CC-A8D3-BCA7679ECAE4}.Release|Any CPU.ActiveCfg = Release|Any CPU
		{53E3A2F0-6C12-43CC-A8D3-BCA7679ECAE4}.Release|Any CPU.Build.0 = Release|Any CPU
	EndGlobalSection
	GlobalSection(SolutionProperties) = preSolution
		HideSolutionNode = FALSE
	EndGlobalSection
	GlobalSection(ExtensibilityGlobals) = postSolution
		SolutionGuid = {AF17BD5B-1805-45FF-AB07-72BB8C43FBB6}
	EndGlobalSection
EndGlobal
