
Microsoft Visual Studio Solution File, Format Version 12.00
# Visual Studio Version 16
VisualStudioVersion = 16.0.31729.503
MinimumVisualStudioVersion = 10.0.40219.1
Project("{FAE04EC0-301F-11D3-BF4B-00C04F79EFBC}") = "nesneler", "nesneler\nesneler.csproj", "{5052A48C-2283-4C26-A6D7-8FC651A1C4B4}"
EndProject
Global
	GlobalSection(SolutionConfigurationPlatforms) = preSolution
		Debug|Any CPU = Debug|Any CPU
		Release|Any CPU = Release|Any CPU
	EndGlobalSection
	GlobalSection(ProjectConfigurationPlatforms) = postSolution
		{5052A48C-2283-4C26-A6D7-8FC651A1C4B4}.Debug|Any CPU.ActiveCfg = Debug|Any CPU
		{5052A48C-2283-4C26-A6D7-8FC651A1C4B4}.Debug|Any CPU.Build.0 = Debug|Any CPU
		{5052A48C-2283-4C26-A6D7-8FC651A1C4B4}.Release|Any CPU.ActiveCfg = Release|Any CPU
		{5052A48C-2283-4C26-A6D7-8FC651A1C4B4}.Release|Any CPU.Build.0 = Release|Any CPU
	EndGlobalSection
	GlobalSection(SolutionProperties) = preSolution
		HideSolutionNode = FALSE
	EndGlobalSection
	GlobalSection(ExtensibilityGlobals) = postSolution
		SolutionGuid = {72352CBB-05BA-465D-9852-F49907F1D278}
	EndGlobalSection
EndGlobal
